
Microsoft Visual Studio Solution File, Format Version 12.00
# Visual Studio Version 17
VisualStudioVersion = 17.13.35825.156 d17.13
MinimumVisualStudioVersion = 10.0.40219.1
Project("{FAE04EC0-301F-11D3-BF4B-00C04F79EFBC}") = "DumpToAzureBlob", "DumpToAzureBlob.csproj", "{5C929816-E7B3-6286-E473-54E2A6F3DF6C}"
EndProject
Global
	GlobalSection(SolutionConfigurationPlatforms) = preSolution
		Debug|Any CPU = Debug|Any CPU
		Release|Any CPU = Release|Any CPU
	EndGlobalSection
	GlobalSection(ProjectConfigurationPlatforms) = postSolution
		{5C929816-E7B3-6286-E473-54E2A6F3DF6C}.Debug|Any CPU.ActiveCfg = Debug|Any CPU
		{5C929816-E7B3-6286-E473-54E2A6F3DF6C}.Debug|Any CPU.Build.0 = Debug|Any CPU
		{5C929816-E7B3-6286-E473-54E2A6F3DF6C}.Release|Any CPU.ActiveCfg = Release|Any CPU
		{5C929816-E7B3-6286-E473-54E2A6F3DF6C}.Release|Any CPU.Build.0 = Release|Any CPU
	EndGlobalSection
	GlobalSection(SolutionProperties) = preSolution
		HideSolutionNode = FALSE
	EndGlobalSection
	GlobalSection(ExtensibilityGlobals) = postSolution
		SolutionGuid = {8B270DCC-B0C5-4771-973B-CDAA287F5315}
	EndGlobalSection
EndGlobal
